
Microsoft Visual Studio Solution File, Format Version 12.00
# Visual Studio Version 17
VisualStudioVersion = 17.1.32421.90
MinimumVisualStudioVersion = 10.0.40219.1
Project("{FAE04EC0-301F-11D3-BF4B-00C04F79EFBC}") = "OperatorExercise", "OperatorExercise\OperatorExercise.csproj", "{315B4D7B-C6A2-4AD8-828C-C24BDAA03500}"
EndProject
Global
	GlobalSection(SolutionConfigurationPlatforms) = preSolution
		Debug|Any CPU = Debug|Any CPU
		Release|Any CPU = Release|Any CPU
	EndGlobalSection
	GlobalSection(ProjectConfigurationPlatforms) = postSolution
		{315B4D7B-C6A2-4AD8-828C-C24BDAA03500}.Debug|Any CPU.ActiveCfg = Debug|Any CPU
		{315B4D7B-C6A2-4AD8-828C-C24BDAA03500}.Debug|Any CPU.Build.0 = Debug|Any CPU
		{315B4D7B-C6A2-4AD8-828C-C24BDAA03500}.Release|Any CPU.ActiveCfg = Release|Any CPU
		{315B4D7B-C6A2-4AD8-828C-C24BDAA03500}.Release|Any CPU.Build.0 = Release|Any CPU
	EndGlobalSection
	GlobalSection(SolutionProperties) = preSolution
		HideSolutionNode = FALSE
	EndGlobalSection
	GlobalSection(ExtensibilityGlobals) = postSolution
		SolutionGuid = {4798AA78-3A4B-417A-951A-7E35F5BE23FA}
	EndGlobalSection
EndGlobal
